
Microsoft Visual Studio Solution File, Format Version 12.00
# Visual Studio Version 16
VisualStudioVersion = 16.0.30503.244
MinimumVisualStudioVersion = 10.0.40219.1
Project("{FAE04EC0-301F-11D3-BF4B-00C04F79EFBC}") = "FileManager", "FileManager\FileManager.csproj", "{0CEEDBE2-9121-4303-AE5C-88AC422DFF05}"
EndProject
Project("{FAE04EC0-301F-11D3-BF4B-00C04F79EFBC}") = "DataManager", "DataManager\DataManager.csproj", "{23103627-83C5-40A4-9EAC-5FB8BDC10BF2}"
EndProject
Project("{FAE04EC0-301F-11D3-BF4B-00C04F79EFBC}") = "ServiceConfigurationManager", "ConfigurationManager\ServiceConfigurationManager.csproj", "{621AEBA0-565B-4AAB-8BEF-DA3C507AA49E}"
EndProject
Project("{FAE04EC0-301F-11D3-BF4B-00C04F79EFBC}") = "Models", "Models\Models.csproj", "{2FCA363C-B76B-44B8-8FD8-D62C57C111AC}"
EndProject
Project("{FAE04EC0-301F-11D3-BF4B-00C04F79EFBC}") = "DataAccess", "DataAccess\DataAccess.csproj", "{69A9389C-7B85-48CD-9CDE-2A8214C22DA0}"
EndProject
Project("{FAE04EC0-301F-11D3-BF4B-00C04F79EFBC}") = "Attributes", "Attributes\Attributes.csproj", "{1EABC09A-8D97-497D-A99B-81C0E4FEAA59}"
EndProject
Project("{FAE04EC0-301F-11D3-BF4B-00C04F79EFBC}") = "ServiceLayer", "ServiceLayer\ServiceLayer.csproj", "{42D20386-1488-4A9A-8170-E376D9D2A1A5}"
EndProject
Project("{FAE04EC0-301F-11D3-BF4B-00C04F79EFBC}") = "ApplicationInsights", "ApplicationInsights\ApplicationInsights.csproj", "{936EE4E1-9751-4AC0-B5F6-9B97666E3824}"
EndProject
Global
	GlobalSection(SolutionConfigurationPlatforms) = preSolution
		Debug|Any CPU = Debug|Any CPU
		Release|Any CPU = Release|Any CPU
	EndGlobalSection
	GlobalSection(ProjectConfigurationPlatforms) = postSolution
		{0CEEDBE2-9121-4303-AE5C-88AC422DFF05}.Debug|Any CPU.ActiveCfg = Debug|Any CPU
		{0CEEDBE2-9121-4303-AE5C-88AC422DFF05}.Debug|Any CPU.Build.0 = Debug|Any CPU
		{0CEEDBE2-9121-4303-AE5C-88AC422DFF05}.Release|Any CPU.ActiveCfg = Release|Any CPU
		{0CEEDBE2-9121-4303-AE5C-88AC422DFF05}.Release|Any CPU.Build.0 = Release|Any CPU
		{23103627-83C5-40A4-9EAC-5FB8BDC10BF2}.Debug|Any CPU.ActiveCfg = Debug|Any CPU
		{23103627-83C5-40A4-9EAC-5FB8BDC10BF2}.Debug|Any CPU.Build.0 = Debug|Any CPU
		{23103627-83C5-40A4-9EAC-5FB8BDC10BF2}.Release|Any CPU.ActiveCfg = Release|Any CPU
		{23103627-83C5-40A4-9EAC-5FB8BDC10BF2}.Release|Any CPU.Build.0 = Release|Any CPU
		{621AEBA0-565B-4AAB-8BEF-DA3C507AA49E}.Debug|Any CPU.ActiveCfg = Debug|Any CPU
		{621AEBA0-565B-4AAB-8BEF-DA3C507AA49E}.Debug|Any CPU.Build.0 = Debug|Any CPU
		{621AEBA0-565B-4AAB-8BEF-DA3C507AA49E}.Release|Any CPU.ActiveCfg = Release|Any CPU
		{621AEBA0-565B-4AAB-8BEF-DA3C507AA49E}.Release|Any CPU.Build.0 = Release|Any CPU
		{2FCA363C-B76B-44B8-8FD8-D62C57C111AC}.Debug|Any CPU.ActiveCfg = Debug|Any CPU
		{2FCA363C-B76B-44B8-8FD8-D62C57C111AC}.Debug|Any CPU.Build.0 = Debug|Any CPU
		{2FCA363C-B76B-44B8-8FD8-D62C57C111AC}.Release|Any CPU.ActiveCfg = Release|Any CPU
		{2FCA363C-B76B-44B8-8FD8-D62C57C111AC}.Release|Any CPU.Build.0 = Release|Any CPU
		{69A9389C-7B85-48CD-9CDE-2A8214C22DA0}.Debug|Any CPU.ActiveCfg = Debug|Any CPU
		{69A9389C-7B85-48CD-9CDE-2A8214C22DA0}.Debug|Any CPU.Build.0 = Debug|Any CPU
		{69A9389C-7B85-48CD-9CDE-2A8214C22DA0}.Release|Any CPU.ActiveCfg = Release|Any CPU
		{69A9389C-7B85-48CD-9CDE-2A8214C22DA0}.Release|Any CPU.Build.0 = Release|Any CPU
		{1EABC09A-8D97-497D-A99B-81C0E4FEAA59}.Debug|Any CPU.ActiveCfg = Debug|Any CPU
		{1EABC09A-8D97-497D-A99B-81C0E4FEAA59}.Debug|Any CPU.Build.0 = Debug|Any CPU
		{1EABC09A-8D97-497D-A99B-81C0E4FEAA59}.Release|Any CPU.ActiveCfg = Release|Any CPU
		{1EABC09A-8D97-497D-A99B-81C0E4FEAA59}.Release|Any CPU.Build.0 = Release|Any CPU
		{42D20386-1488-4A9A-8170-E376D9D2A1A5}.Debug|Any CPU.ActiveCfg = Debug|Any CPU
		{42D20386-1488-4A9A-8170-E376D9D2A1A5}.Debug|Any CPU.Build.0 = Debug|Any CPU
		{42D20386-1488-4A9A-8170-E376D9D2A1A5}.Release|Any CPU.ActiveCfg = Release|Any CPU
		{42D20386-1488-4A9A-8170-E376D9D2A1A5}.Release|Any CPU.Build.0 = Release|Any CPU
		{936EE4E1-9751-4AC0-B5F6-9B97666E3824}.Debug|Any CPU.ActiveCfg = Debug|Any CPU
		{936EE4E1-9751-4AC0-B5F6-9B97666E3824}.Debug|Any CPU.Build.0 = Debug|Any CPU
		{936EE4E1-9751-4AC0-B5F6-9B97666E3824}.Release|Any CPU.ActiveCfg = Release|Any CPU
		{936EE4E1-9751-4AC0-B5F6-9B97666E3824}.Release|Any CPU.Build.0 = Release|Any CPU
	EndGlobalSection
	GlobalSection(SolutionProperties) = preSolution
		HideSolutionNode = FALSE
	EndGlobalSection
	GlobalSection(ExtensibilityGlobals) = postSolution
		SolutionGuid = {33AFFEAB-4FB5-49C6-92C4-A51F718B751C}
	EndGlobalSection
EndGlobal
